// !$*UTF8*$!
{
	archiveVersion = 1;
	classes = {
	};
	objectVersion = 54;
	objects = {

/* Begin PBXBuildFile section */
		9D13A9372D63EDB100C8BFBE /* HexaCalcIconGreen@2x.png in Resources */ = {isa = PBXBuildFile; fileRef = 9D13A9322D63EDB100C8BFBE /* HexaCalcIconGreen@2x.png */; };
		9D13A9382D63EDB100C8BFBE /* HexaCalcIconGreen~ipad.png in Resources */ = {isa = PBXBuildFile; fileRef = 9D13A9332D63EDB100C8BFBE /* HexaCalcIconGreen~ipad.png */; };
		9D13A9392D63EDB100C8BFBE /* HexaCalcIconGreen@2x~ipad.png in Resources */ = {isa = PBXBuildFile; fileRef = 9D13A9342D63EDB100C8BFBE /* HexaCalcIconGreen@2x~ipad.png */; };
		9D13A93A2D63EDB100C8BFBE /* HexaCalcIconGreen-83.5@2x.png in Resources */ = {isa = PBXBuildFile; fileRef = 9D13A9352D63EDB100C8BFBE /* HexaCalcIconGreen-83.5@2x.png */; };
		9D13A93B2D63EDB100C8BFBE /* HexaCalcIconGreen@3x.png in Resources */ = {isa = PBXBuildFile; fileRef = 9D13A9362D63EDB100C8BFBE /* HexaCalcIconGreen@3x.png */; };
		9D13A9412D63F06C00C8BFBE /* HexaCalcIconBlue~ipad.png in Resources */ = {isa = PBXBuildFile; fileRef = 9D13A93C2D63F06B00C8BFBE /* HexaCalcIconBlue~ipad.png */; };
		9D13A9422D63F06C00C8BFBE /* HexaCalcIconBlue-83.5@2x.png in Resources */ = {isa = PBXBuildFile; fileRef = 9D13A93D2D63F06B00C8BFBE /* HexaCalcIconBlue-83.5@2x.png */; };
		9D13A9432D63F06C00C8BFBE /* HexaCalcIconBlue@2x~ipad.png in Resources */ = {isa = PBXBuildFile; fileRef = 9D13A93E2D63F06C00C8BFBE /* HexaCalcIconBlue@2x~ipad.png */; };
		9D13A9442D63F06C00C8BFBE /* HexaCalcIconBlue@2x.png in Resources */ = {isa = PBXBuildFile; fileRef = 9D13A93F2D63F06C00C8BFBE /* HexaCalcIconBlue@2x.png */; };
		9D13A9452D63F06C00C8BFBE /* HexaCalcIconBlue@3x.png in Resources */ = {isa = PBXBuildFile; fileRef = 9D13A9402D63F06C00C8BFBE /* HexaCalcIconBlue@3x.png */; };
		9D13A94B2D63F0EA00C8BFBE /* HexaCalcIconBrown@2x~ipad.png in Resources */ = {isa = PBXBuildFile; fileRef = 9D13A9462D63F0E900C8BFBE /* HexaCalcIconBrown@2x~ipad.png */; };
		9D13A94C2D63F0EA00C8BFBE /* HexaCalcIconBrown-83.5@2x.png in Resources */ = {isa = PBXBuildFile; fileRef = 9D13A9472D63F0EA00C8BFBE /* HexaCalcIconBrown-83.5@2x.png */; };
		9D13A94D2D63F0EA00C8BFBE /* HexaCalcIconBrown~ipad.png in Resources */ = {isa = PBXBuildFile; fileRef = 9D13A9482D63F0EA00C8BFBE /* HexaCalcIconBrown~ipad.png */; };
		9D13A94E2D63F0EA00C8BFBE /* HexaCalcIconBrown@2x.png in Resources */ = {isa = PBXBuildFile; fileRef = 9D13A9492D63F0EA00C8BFBE /* HexaCalcIconBrown@2x.png */; };
		9D13A94F2D63F0EA00C8BFBE /* HexaCalcIconBrown@3x.png in Resources */ = {isa = PBXBuildFile; fileRef = 9D13A94A2D63F0EA00C8BFBE /* HexaCalcIconBrown@3x.png */; };
		9D13A9552D63F14D00C8BFBE /* HexaCalcIconIndigo-83.5@2x.png in Resources */ = {isa = PBXBuildFile; fileRef = 9D13A9502D63F14C00C8BFBE /* HexaCalcIconIndigo-83.5@2x.png */; };
		9D13A9562D63F14D00C8BFBE /* HexaCalcIconIndigo@2x~ipad.png in Resources */ = {isa = PBXBuildFile; fileRef = 9D13A9512D63F14D00C8BFBE /* HexaCalcIconIndigo@2x~ipad.png */; };
		9D13A9572D63F14D00C8BFBE /* HexaCalcIconIndigo~ipad.png in Resources */ = {isa = PBXBuildFile; fileRef = 9D13A9522D63F14D00C8BFBE /* HexaCalcIconIndigo~ipad.png */; };
		9D13A9582D63F14D00C8BFBE /* HexaCalcIconIndigo@3x.png in Resources */ = {isa = PBXBuildFile; fileRef = 9D13A9532D63F14D00C8BFBE /* HexaCalcIconIndigo@3x.png */; };
		9D13A9592D63F14D00C8BFBE /* HexaCalcIconIndigo@2x.png in Resources */ = {isa = PBXBuildFile; fileRef = 9D13A9542D63F14D00C8BFBE /* HexaCalcIconIndigo@2x.png */; };
		9D13A95F2D63F18F00C8BFBE /* HexaCalcIconOrange~ipad.png in Resources */ = {isa = PBXBuildFile; fileRef = 9D13A95A2D63F18F00C8BFBE /* HexaCalcIconOrange~ipad.png */; };
		9D13A9602D63F18F00C8BFBE /* HexaCalcIconOrange@2x~ipad.png in Resources */ = {isa = PBXBuildFile; fileRef = 9D13A95B2D63F18F00C8BFBE /* HexaCalcIconOrange@2x~ipad.png */; };
		9D13A9612D63F18F00C8BFBE /* HexaCalcIconOrange-83.5@2x.png in Resources */ = {isa = PBXBuildFile; fileRef = 9D13A95C2D63F18F00C8BFBE /* HexaCalcIconOrange-83.5@2x.png */; };
		9D13A9622D63F18F00C8BFBE /* HexaCalcIconOrange@2x.png in Resources */ = {isa = PBXBuildFile; fileRef = 9D13A95D2D63F18F00C8BFBE /* HexaCalcIconOrange@2x.png */; };
		9D13A9632D63F18F00C8BFBE /* HexaCalcIconOrange@3x.png in Resources */ = {isa = PBXBuildFile; fileRef = 9D13A95E2D63F18F00C8BFBE /* HexaCalcIconOrange@3x.png */; };
		9D13A9692D63F1CB00C8BFBE /* HexaCalcIconPink-83.5@2x.png in Resources */ = {isa = PBXBuildFile; fileRef = 9D13A9642D63F1CB00C8BFBE /* HexaCalcIconPink-83.5@2x.png */; };
		9D13A96A2D63F1CB00C8BFBE /* HexaCalcIconPink@3x.png in Resources */ = {isa = PBXBuildFile; fileRef = 9D13A9652D63F1CB00C8BFBE /* HexaCalcIconPink@3x.png */; };
		9D13A96B2D63F1CB00C8BFBE /* HexaCalcIconPink@2x~ipad.png in Resources */ = {isa = PBXBuildFile; fileRef = 9D13A9662D63F1CB00C8BFBE /* HexaCalcIconPink@2x~ipad.png */; };
		9D13A96C2D63F1CB00C8BFBE /* HexaCalcIconPink~ipad.png in Resources */ = {isa = PBXBuildFile; fileRef = 9D13A9672D63F1CB00C8BFBE /* HexaCalcIconPink~ipad.png */; };
		9D13A96D2D63F1CB00C8BFBE /* HexaCalcIconPink@2x.png in Resources */ = {isa = PBXBuildFile; fileRef = 9D13A9682D63F1CB00C8BFBE /* HexaCalcIconPink@2x.png */; };
		9D13A9732D63F20B00C8BFBE /* HexaCalcIconRed~ipad.png in Resources */ = {isa = PBXBuildFile; fileRef = 9D13A96E2D63F20A00C8BFBE /* HexaCalcIconRed~ipad.png */; };
		9D13A9742D63F20B00C8BFBE /* HexaCalcIconRed@2x~ipad.png in Resources */ = {isa = PBXBuildFile; fileRef = 9D13A96F2D63F20B00C8BFBE /* HexaCalcIconRed@2x~ipad.png */; };
		9D13A9752D63F20B00C8BFBE /* HexaCalcIconRed@3x.png in Resources */ = {isa = PBXBuildFile; fileRef = 9D13A9702D63F20B00C8BFBE /* HexaCalcIconRed@3x.png */; };
		9D13A9762D63F20B00C8BFBE /* HexaCalcIconRed@2x.png in Resources */ = {isa = PBXBuildFile; fileRef = 9D13A9712D63F20B00C8BFBE /* HexaCalcIconRed@2x.png */; };
		9D13A9772D63F20B00C8BFBE /* HexaCalcIconRed-83.5@2x.png in Resources */ = {isa = PBXBuildFile; fileRef = 9D13A9722D63F20B00C8BFBE /* HexaCalcIconRed-83.5@2x.png */; };
		9D13A97D2D63F24300C8BFBE /* HexaCalcIconTeal@2x~ipad.png in Resources */ = {isa = PBXBuildFile; fileRef = 9D13A9782D63F24200C8BFBE /* HexaCalcIconTeal@2x~ipad.png */; };
		9D13A97E2D63F24300C8BFBE /* HexaCalcIconTeal@2x.png in Resources */ = {isa = PBXBuildFile; fileRef = 9D13A9792D63F24200C8BFBE /* HexaCalcIconTeal@2x.png */; };
		9D13A97F2D63F24300C8BFBE /* HexaCalcIconTeal@3x.png in Resources */ = {isa = PBXBuildFile; fileRef = 9D13A97A2D63F24300C8BFBE /* HexaCalcIconTeal@3x.png */; };
		9D13A9802D63F24300C8BFBE /* HexaCalcIconTeal~ipad.png in Resources */ = {isa = PBXBuildFile; fileRef = 9D13A97B2D63F24300C8BFBE /* HexaCalcIconTeal~ipad.png */; };
		9D13A9812D63F24300C8BFBE /* HexaCalcIconTeal-83.5@2x.png in Resources */ = {isa = PBXBuildFile; fileRef = 9D13A97C2D63F24300C8BFBE /* HexaCalcIconTeal-83.5@2x.png */; };
		9D13A9872D63F27900C8BFBE /* HexaCalcIconViolet~ipad.png in Resources */ = {isa = PBXBuildFile; fileRef = 9D13A9822D63F27800C8BFBE /* HexaCalcIconViolet~ipad.png */; };
		9D13A9882D63F27900C8BFBE /* HexaCalcIconViolet@2x~ipad.png in Resources */ = {isa = PBXBuildFile; fileRef = 9D13A9832D63F27800C8BFBE /* HexaCalcIconViolet@2x~ipad.png */; };
		9D13A9892D63F27900C8BFBE /* HexaCalcIconViolet@2x.png in Resources */ = {isa = PBXBuildFile; fileRef = 9D13A9842D63F27800C8BFBE /* HexaCalcIconViolet@2x.png */; };
		9D13A98A2D63F27900C8BFBE /* HexaCalcIconViolet-83.5@2x.png in Resources */ = {isa = PBXBuildFile; fileRef = 9D13A9852D63F27800C8BFBE /* HexaCalcIconViolet-83.5@2x.png */; };
		9D13A98B2D63F27900C8BFBE /* HexaCalcIconViolet@3x.png in Resources */ = {isa = PBXBuildFile; fileRef = 9D13A9862D63F27900C8BFBE /* HexaCalcIconViolet@3x.png */; };
		9D13A9912D63F2AC00C8BFBE /* HexaCalcIconYellow~ipad.png in Resources */ = {isa = PBXBuildFile; fileRef = 9D13A98C2D63F2AC00C8BFBE /* HexaCalcIconYellow~ipad.png */; };
		9D13A9922D63F2AC00C8BFBE /* HexaCalcIconYellow@2x~ipad.png in Resources */ = {isa = PBXBuildFile; fileRef = 9D13A98D2D63F2AC00C8BFBE /* HexaCalcIconYellow@2x~ipad.png */; };
		9D13A9932D63F2AC00C8BFBE /* HexaCalcIconYellow@3x.png in Resources */ = {isa = PBXBuildFile; fileRef = 9D13A98E2D63F2AC00C8BFBE /* HexaCalcIconYellow@3x.png */; };
		9D13A9942D63F2AC00C8BFBE /* HexaCalcIconYellow-83.5@2x.png in Resources */ = {isa = PBXBuildFile; fileRef = 9D13A98F2D63F2AC00C8BFBE /* HexaCalcIconYellow-83.5@2x.png */; };
		9D13A9952D63F2AC00C8BFBE /* HexaCalcIconYellow@2x.png in Resources */ = {isa = PBXBuildFile; fileRef = 9D13A9902D63F2AC00C8BFBE /* HexaCalcIconYellow@2x.png */; };
		9D3E23DA291F6B9700151B44 /* HexadecimalHexaCalcUITests.swift in Sources */ = {isa = PBXBuildFile; fileRef = 9D3E23D9291F6B9700151B44 /* HexadecimalHexaCalcUITests.swift */; };
		9D3E23DC291F6BE300151B44 /* UITestHelper.swift in Sources */ = {isa = PBXBuildFile; fileRef = 9D3E23DB291F6BE300151B44 /* UITestHelper.swift */; };
		9D8460252A46C182008C5A99 /* HistoryButtonViewConverter.swift in Sources */ = {isa = PBXBuildFile; fileRef = 9D8460242A46C182008C5A99 /* HistoryButtonViewConverter.swift */; };
		9D8A805524CB82A0008CDECE /* Formatter+BinaryString.swift in Sources */ = {isa = PBXBuildFile; fileRef = 9D8A805424CB82A0008CDECE /* Formatter+BinaryString.swift */; };
		9D8F9A2924E6438800F32A2C /* SettingsViewController.swift in Sources */ = {isa = PBXBuildFile; fileRef = 9D8F9A2824E6438800F32A2C /* SettingsViewController.swift */; };
		9D8F9A2B24E8DCE700F32A2C /* UserPreferences.swift in Sources */ = {isa = PBXBuildFile; fileRef = 9D8F9A2A24E8DCE700F32A2C /* UserPreferences.swift */; };
		9D979A9A25E767D500357754 /* UIWindow+isLandscape.swift in Sources */ = {isa = PBXBuildFile; fileRef = 9D979A9925E767D500357754 /* UIWindow+isLandscape.swift */; };
		9DA0D7EE250B270800F72051 /* DataPersistence.swift in Sources */ = {isa = PBXBuildFile; fileRef = 9DA0D7ED250B270800F72051 /* DataPersistence.swift */; };
		9DAE268A24C68BEB0070B965 /* RoundButton.swift in Sources */ = {isa = PBXBuildFile; fileRef = 9DAE268924C68BEB0070B965 /* RoundButton.swift */; };
		9DAE268D24C68C300070B965 /* Formatter+ScientificNotation.swift in Sources */ = {isa = PBXBuildFile; fileRef = 9DAE268C24C68C300070B965 /* Formatter+ScientificNotation.swift */; };
		9DAE269524C7F77A0070B965 /* StateController.swift in Sources */ = {isa = PBXBuildFile; fileRef = 9DAE269424C7F77A0070B965 /* StateController.swift */; };
		9DC242F225E1EE440038DD63 /* UIHelper.swift in Sources */ = {isa = PBXBuildFile; fileRef = 9DC242F125E1EE440038DD63 /* UIHelper.swift */; };
		9DC4DA182944367500D1652E /* BinaryHexaCalcUITests.swift in Sources */ = {isa = PBXBuildFile; fileRef = 9DC4DA172944367500D1652E /* BinaryHexaCalcUITests.swift */; };
		9DC4DA1A29457F2C00D1652E /* DecimalHexaCalcUITests.swift in Sources */ = {isa = PBXBuildFile; fileRef = 9DC4DA1929457F2C00D1652E /* DecimalHexaCalcUITests.swift */; };
		9DC7581727ED867F00BB2953 /* TextTableViewCell.swift in Sources */ = {isa = PBXBuildFile; fileRef = 9DC7581627ED867F00BB2953 /* TextTableViewCell.swift */; };
		9DC7581A27ED88A800BB2953 /* SwitchTableViewCell.swift in Sources */ = {isa = PBXBuildFile; fileRef = 9DC7581827ED88A800BB2953 /* SwitchTableViewCell.swift */; };
		9DC7581B27ED88A800BB2953 /* SwitchTableViewCell.xib in Resources */ = {isa = PBXBuildFile; fileRef = 9DC7581927ED88A800BB2953 /* SwitchTableViewCell.xib */; };
		9DC758212802842E00BB2953 /* SettingsSelectionViewController.swift in Sources */ = {isa = PBXBuildFile; fileRef = 9DC758202802842E00BB2953 /* SettingsSelectionViewController.swift */; };
		9DC7582428028CC600BB2953 /* SelectionTableViewCell.swift in Sources */ = {isa = PBXBuildFile; fileRef = 9DC7582228028CC600BB2953 /* SelectionTableViewCell.swift */; };
		9DC758272802A83500BB2953 /* ColourNumberConverter.swift in Sources */ = {isa = PBXBuildFile; fileRef = 9DC758262802A83500BB2953 /* ColourNumberConverter.swift */; };
		9DC758292803C85200BB2953 /* SelectionSummaryTableViewCell.swift in Sources */ = {isa = PBXBuildFile; fileRef = 9DC758282803C85200BB2953 /* SelectionSummaryTableViewCell.swift */; };
		9DC7582B2803EDF200BB2953 /* CopyOrPasteActionConverter.swift in Sources */ = {isa = PBXBuildFile; fileRef = 9DC7582A2803EDF200BB2953 /* CopyOrPasteActionConverter.swift */; };
		9DC7582F2803F78B00BB2953 /* ImageTableViewCell.swift in Sources */ = {isa = PBXBuildFile; fileRef = 9DC7582E2803F78B00BB2953 /* ImageTableViewCell.swift */; };
		9DC758312804CD6200BB2953 /* ReviewManager.swift in Sources */ = {isa = PBXBuildFile; fileRef = 9DC758302804CD6200BB2953 /* ReviewManager.swift */; };
		9DE32E4028EA97AC00BB222C /* BasicHexaCalcUITests.swift in Sources */ = {isa = PBXBuildFile; fileRef = 9DE32E3528DEDBDF00BB222C /* BasicHexaCalcUITests.swift */; };
		9DE32E4228EA97FA00BB222C /* Formatter+BinaryString.swift in Sources */ = {isa = PBXBuildFile; fileRef = 9DE32E4128EA97FA00BB222C /* Formatter+BinaryString.swift */; };
		9DE9FB4828DC220E00705A4F /* Operation.swift in Sources */ = {isa = PBXBuildFile; fileRef = 9DE9FB4728DC220E00705A4F /* Operation.swift */; };
		9DEF249724C553F000701F5B /* AppDelegate.swift in Sources */ = {isa = PBXBuildFile; fileRef = 9DEF249624C553F000701F5B /* AppDelegate.swift */; };
		9DEF249924C553F000701F5B /* SceneDelegate.swift in Sources */ = {isa = PBXBuildFile; fileRef = 9DEF249824C553F000701F5B /* SceneDelegate.swift */; };
		9DEF249B24C553F000701F5B /* HexadecimalViewController.swift in Sources */ = {isa = PBXBuildFile; fileRef = 9DEF249A24C553F000701F5B /* HexadecimalViewController.swift */; };
		9DEF249D24C553F000701F5B /* BinaryViewController.swift in Sources */ = {isa = PBXBuildFile; fileRef = 9DEF249C24C553F000701F5B /* BinaryViewController.swift */; };
		9DEF24A024C553F000701F5B /* Main.storyboard in Resources */ = {isa = PBXBuildFile; fileRef = 9DEF249E24C553F000701F5B /* Main.storyboard */; };
		9DEF24A324C553F000701F5B /* HexaCalc.xcdatamodeld in Sources */ = {isa = PBXBuildFile; fileRef = 9DEF24A124C553F000701F5B /* HexaCalc.xcdatamodeld */; };
		9DEF24A524C553F100701F5B /* Assets.xcassets in Resources */ = {isa = PBXBuildFile; fileRef = 9DEF24A424C553F100701F5B /* Assets.xcassets */; };
		9DEF24A824C553F100701F5B /* LaunchScreen.storyboard in Resources */ = {isa = PBXBuildFile; fileRef = 9DEF24A624C553F100701F5B /* LaunchScreen.storyboard */; };
		9DEF24BE24C5578300701F5B /* DecimalViewController.swift in Sources */ = {isa = PBXBuildFile; fileRef = 9DEF24BD24C5578300701F5B /* DecimalViewController.swift */; };
		9DF9A11A294C30730074C07D /* SettingsHexaCalcUITests.swift in Sources */ = {isa = PBXBuildFile; fileRef = 9DF9A119294C30730074C07D /* SettingsHexaCalcUITests.swift */; };
		C272D50A28E75D7C00E6C374 /* CalculationData.swift in Sources */ = {isa = PBXBuildFile; fileRef = C272D50928E75D7C00E6C374 /* CalculationData.swift */; };
		C2D2E1C428DDF90A0094DA13 /* CalculationHistoryViewController.swift in Sources */ = {isa = PBXBuildFile; fileRef = C2D2E1C328DDF90A0094DA13 /* CalculationHistoryViewController.swift */; };
/* End PBXBuildFile section */

/* Begin PBXContainerItemProxy section */
		9DE32E3928DEDBDF00BB222C /* PBXContainerItemProxy */ = {
			isa = PBXContainerItemProxy;
			containerPortal = 9DEF248B24C553F000701F5B /* Project object */;
			proxyType = 1;
			remoteGlobalIDString = 9DEF249224C553F000701F5B;
			remoteInfo = HexaCalc;
		};
/* End PBXContainerItemProxy section */

/* Begin PBXFileReference section */
		9D13A9322D63EDB100C8BFBE /* HexaCalcIconGreen@2x.png */ = {isa = PBXFileReference; lastKnownFileType = image.png; name = "HexaCalcIconGreen@2x.png"; path = "../../../../AppIcons/HexaCalc/HexaCalcIcon_Feb_2025/AppIcons_Green/Assets.xcassets/Renamed/HexaCalcIconGreen@2x.png"; sourceTree = "<group>"; };
		9D13A9332D63EDB100C8BFBE /* HexaCalcIconGreen~ipad.png */ = {isa = PBXFileReference; lastKnownFileType = image.png; path = "HexaCalcIconGreen~ipad.png"; sourceTree = "<group>"; };
		9D13A9342D63EDB100C8BFBE /* HexaCalcIconGreen@2x~ipad.png */ = {isa = PBXFileReference; lastKnownFileType = image.png; path = "HexaCalcIconGreen@2x~ipad.png"; sourceTree = "<group>"; };
		9D13A9352D63EDB100C8BFBE /* HexaCalcIconGreen-83.5@2x.png */ = {isa = PBXFileReference; lastKnownFileType = image.png; path = "HexaCalcIconGreen-83.5@2x.png"; sourceTree = "<group>"; };
		9D13A9362D63EDB100C8BFBE /* HexaCalcIconGreen@3x.png */ = {isa = PBXFileReference; lastKnownFileType = image.png; name = "HexaCalcIconGreen@3x.png"; path = "../../../../AppIcons/HexaCalc/HexaCalcIcon_Feb_2025/AppIcons_Green/Assets.xcassets/Renamed/HexaCalcIconGreen@3x.png"; sourceTree = "<group>"; };
		9D13A93C2D63F06B00C8BFBE /* HexaCalcIconBlue~ipad.png */ = {isa = PBXFileReference; lastKnownFileType = image.png; path = "HexaCalcIconBlue~ipad.png"; sourceTree = "<group>"; };
		9D13A93D2D63F06B00C8BFBE /* HexaCalcIconBlue-83.5@2x.png */ = {isa = PBXFileReference; lastKnownFileType = image.png; path = "HexaCalcIconBlue-83.5@2x.png"; sourceTree = "<group>"; };
		9D13A93E2D63F06C00C8BFBE /* HexaCalcIconBlue@2x~ipad.png */ = {isa = PBXFileReference; lastKnownFileType = image.png; path = "HexaCalcIconBlue@2x~ipad.png"; sourceTree = "<group>"; };
		9D13A93F2D63F06C00C8BFBE /* HexaCalcIconBlue@2x.png */ = {isa = PBXFileReference; lastKnownFileType = image.png; name = "HexaCalcIconBlue@2x.png"; path = "../../../../AppIcons/HexaCalc/HexaCalcIcon_Feb_2025/AppIcons_Blue/Assets.xcassets/Renamed/HexaCalcIconBlue@2x.png"; sourceTree = "<group>"; };
		9D13A9402D63F06C00C8BFBE /* HexaCalcIconBlue@3x.png */ = {isa = PBXFileReference; lastKnownFileType = image.png; name = "HexaCalcIconBlue@3x.png"; path = "../../../../AppIcons/HexaCalc/HexaCalcIcon_Feb_2025/AppIcons_Blue/Assets.xcassets/Renamed/HexaCalcIconBlue@3x.png"; sourceTree = "<group>"; };
		9D13A9462D63F0E900C8BFBE /* HexaCalcIconBrown@2x~ipad.png */ = {isa = PBXFileReference; lastKnownFileType = image.png; path = "HexaCalcIconBrown@2x~ipad.png"; sourceTree = "<group>"; };
		9D13A9472D63F0EA00C8BFBE /* HexaCalcIconBrown-83.5@2x.png */ = {isa = PBXFileReference; lastKnownFileType = image.png; path = "HexaCalcIconBrown-83.5@2x.png"; sourceTree = "<group>"; };
		9D13A9482D63F0EA00C8BFBE /* HexaCalcIconBrown~ipad.png */ = {isa = PBXFileReference; lastKnownFileType = image.png; path = "HexaCalcIconBrown~ipad.png"; sourceTree = "<group>"; };
		9D13A9492D63F0EA00C8BFBE /* HexaCalcIconBrown@2x.png */ = {isa = PBXFileReference; lastKnownFileType = image.png; path = "HexaCalcIconBrown@2x.png"; sourceTree = "<group>"; };
		9D13A94A2D63F0EA00C8BFBE /* HexaCalcIconBrown@3x.png */ = {isa = PBXFileReference; lastKnownFileType = image.png; path = "HexaCalcIconBrown@3x.png"; sourceTree = "<group>"; };
		9D13A9502D63F14C00C8BFBE /* HexaCalcIconIndigo-83.5@2x.png */ = {isa = PBXFileReference; lastKnownFileType = image.png; path = "HexaCalcIconIndigo-83.5@2x.png"; sourceTree = "<group>"; };
		9D13A9512D63F14D00C8BFBE /* HexaCalcIconIndigo@2x~ipad.png */ = {isa = PBXFileReference; lastKnownFileType = image.png; path = "HexaCalcIconIndigo@2x~ipad.png"; sourceTree = "<group>"; };
		9D13A9522D63F14D00C8BFBE /* HexaCalcIconIndigo~ipad.png */ = {isa = PBXFileReference; lastKnownFileType = image.png; path = "HexaCalcIconIndigo~ipad.png"; sourceTree = "<group>"; };
		9D13A9532D63F14D00C8BFBE /* HexaCalcIconIndigo@3x.png */ = {isa = PBXFileReference; lastKnownFileType = image.png; name = "HexaCalcIconIndigo@3x.png"; path = "../../../../AppIcons/HexaCalc/HexaCalcIcon_Feb_2025/AppIcons_Indigo/Assets.xcassets/Renamed/HexaCalcIconIndigo@3x.png"; sourceTree = "<group>"; };
		9D13A9542D63F14D00C8BFBE /* HexaCalcIconIndigo@2x.png */ = {isa = PBXFileReference; lastKnownFileType = image.png; name = "HexaCalcIconIndigo@2x.png"; path = "../../../../AppIcons/HexaCalc/HexaCalcIcon_Feb_2025/AppIcons_Indigo/Assets.xcassets/Renamed/HexaCalcIconIndigo@2x.png"; sourceTree = "<group>"; };
		9D13A95A2D63F18F00C8BFBE /* HexaCalcIconOrange~ipad.png */ = {isa = PBXFileReference; lastKnownFileType = image.png; path = "HexaCalcIconOrange~ipad.png"; sourceTree = "<group>"; };
		9D13A95B2D63F18F00C8BFBE /* HexaCalcIconOrange@2x~ipad.png */ = {isa = PBXFileReference; lastKnownFileType = image.png; path = "HexaCalcIconOrange@2x~ipad.png"; sourceTree = "<group>"; };
		9D13A95C2D63F18F00C8BFBE /* HexaCalcIconOrange-83.5@2x.png */ = {isa = PBXFileReference; lastKnownFileType = image.png; path = "HexaCalcIconOrange-83.5@2x.png"; sourceTree = "<group>"; };
		9D13A95D2D63F18F00C8BFBE /* HexaCalcIconOrange@2x.png */ = {isa = PBXFileReference; lastKnownFileType = image.png; name = "HexaCalcIconOrange@2x.png"; path = "../../../../AppIcons/HexaCalc/HexaCalcIcon_Feb_2025/AppIcons_Orange/Assets.xcassets/Renamed/HexaCalcIconOrange@2x.png"; sourceTree = "<group>"; };
		9D13A95E2D63F18F00C8BFBE /* HexaCalcIconOrange@3x.png */ = {isa = PBXFileReference; lastKnownFileType = image.png; name = "HexaCalcIconOrange@3x.png"; path = "../../../../AppIcons/HexaCalc/HexaCalcIcon_Feb_2025/AppIcons_Orange/Assets.xcassets/Renamed/HexaCalcIconOrange@3x.png"; sourceTree = "<group>"; };
		9D13A9642D63F1CB00C8BFBE /* HexaCalcIconPink-83.5@2x.png */ = {isa = PBXFileReference; lastKnownFileType = image.png; path = "HexaCalcIconPink-83.5@2x.png"; sourceTree = "<group>"; };
		9D13A9652D63F1CB00C8BFBE /* HexaCalcIconPink@3x.png */ = {isa = PBXFileReference; lastKnownFileType = image.png; path = "HexaCalcIconPink@3x.png"; sourceTree = "<group>"; };
		9D13A9662D63F1CB00C8BFBE /* HexaCalcIconPink@2x~ipad.png */ = {isa = PBXFileReference; lastKnownFileType = image.png; path = "HexaCalcIconPink@2x~ipad.png"; sourceTree = "<group>"; };
		9D13A9672D63F1CB00C8BFBE /* HexaCalcIconPink~ipad.png */ = {isa = PBXFileReference; lastKnownFileType = image.png; path = "HexaCalcIconPink~ipad.png"; sourceTree = "<group>"; };
		9D13A9682D63F1CB00C8BFBE /* HexaCalcIconPink@2x.png */ = {isa = PBXFileReference; lastKnownFileType = image.png; path = "HexaCalcIconPink@2x.png"; sourceTree = "<group>"; };
		9D13A96E2D63F20A00C8BFBE /* HexaCalcIconRed~ipad.png */ = {isa = PBXFileReference; lastKnownFileType = image.png; path = "HexaCalcIconRed~ipad.png"; sourceTree = "<group>"; };
		9D13A96F2D63F20B00C8BFBE /* HexaCalcIconRed@2x~ipad.png */ = {isa = PBXFileReference; lastKnownFileType = image.png; path = "HexaCalcIconRed@2x~ipad.png"; sourceTree = "<group>"; };
		9D13A9702D63F20B00C8BFBE /* HexaCalcIconRed@3x.png */ = {isa = PBXFileReference; lastKnownFileType = image.png; name = "HexaCalcIconRed@3x.png"; path = "../../../../AppIcons/HexaCalc/HexaCalcIcon_Feb_2025/AppIcons_Red/Assets.xcassets/Renamed/HexaCalcIconRed@3x.png"; sourceTree = "<group>"; };
		9D13A9712D63F20B00C8BFBE /* HexaCalcIconRed@2x.png */ = {isa = PBXFileReference; lastKnownFileType = image.png; name = "HexaCalcIconRed@2x.png"; path = "../../../../AppIcons/HexaCalc/HexaCalcIcon_Feb_2025/AppIcons_Red/Assets.xcassets/Renamed/HexaCalcIconRed@2x.png"; sourceTree = "<group>"; };
		9D13A9722D63F20B00C8BFBE /* HexaCalcIconRed-83.5@2x.png */ = {isa = PBXFileReference; lastKnownFileType = image.png; path = "HexaCalcIconRed-83.5@2x.png"; sourceTree = "<group>"; };
		9D13A9782D63F24200C8BFBE /* HexaCalcIconTeal@2x~ipad.png */ = {isa = PBXFileReference; lastKnownFileType = image.png; path = "HexaCalcIconTeal@2x~ipad.png"; sourceTree = "<group>"; };
		9D13A9792D63F24200C8BFBE /* HexaCalcIconTeal@2x.png */ = {isa = PBXFileReference; lastKnownFileType = image.png; name = "HexaCalcIconTeal@2x.png"; path = "../../../../AppIcons/HexaCalc/HexaCalcIcon_Feb_2025/AppIcons_Teal/Assets.xcassets/Renamed/HexaCalcIconTeal@2x.png"; sourceTree = "<group>"; };
		9D13A97A2D63F24300C8BFBE /* HexaCalcIconTeal@3x.png */ = {isa = PBXFileReference; lastKnownFileType = image.png; name = "HexaCalcIconTeal@3x.png"; path = "../../../../AppIcons/HexaCalc/HexaCalcIcon_Feb_2025/AppIcons_Teal/Assets.xcassets/Renamed/HexaCalcIconTeal@3x.png"; sourceTree = "<group>"; };
		9D13A97B2D63F24300C8BFBE /* HexaCalcIconTeal~ipad.png */ = {isa = PBXFileReference; lastKnownFileType = image.png; path = "HexaCalcIconTeal~ipad.png"; sourceTree = "<group>"; };
		9D13A97C2D63F24300C8BFBE /* HexaCalcIconTeal-83.5@2x.png */ = {isa = PBXFileReference; lastKnownFileType = image.png; path = "HexaCalcIconTeal-83.5@2x.png"; sourceTree = "<group>"; };
		9D13A9822D63F27800C8BFBE /* HexaCalcIconViolet~ipad.png */ = {isa = PBXFileReference; lastKnownFileType = image.png; path = "HexaCalcIconViolet~ipad.png"; sourceTree = "<group>"; };
		9D13A9832D63F27800C8BFBE /* HexaCalcIconViolet@2x~ipad.png */ = {isa = PBXFileReference; lastKnownFileType = image.png; path = "HexaCalcIconViolet@2x~ipad.png"; sourceTree = "<group>"; };
		9D13A9842D63F27800C8BFBE /* HexaCalcIconViolet@2x.png */ = {isa = PBXFileReference; lastKnownFileType = image.png; path = "HexaCalcIconViolet@2x.png"; sourceTree = "<group>"; };
		9D13A9852D63F27800C8BFBE /* HexaCalcIconViolet-83.5@2x.png */ = {isa = PBXFileReference; lastKnownFileType = image.png; path = "HexaCalcIconViolet-83.5@2x.png"; sourceTree = "<group>"; };
		9D13A9862D63F27900C8BFBE /* HexaCalcIconViolet@3x.png */ = {isa = PBXFileReference; lastKnownFileType = image.png; path = "HexaCalcIconViolet@3x.png"; sourceTree = "<group>"; };
		9D13A98C2D63F2AC00C8BFBE /* HexaCalcIconYellow~ipad.png */ = {isa = PBXFileReference; lastKnownFileType = image.png; path = "HexaCalcIconYellow~ipad.png"; sourceTree = "<group>"; };
		9D13A98D2D63F2AC00C8BFBE /* HexaCalcIconYellow@2x~ipad.png */ = {isa = PBXFileReference; lastKnownFileType = image.png; path = "HexaCalcIconYellow@2x~ipad.png"; sourceTree = "<group>"; };
		9D13A98E2D63F2AC00C8BFBE /* HexaCalcIconYellow@3x.png */ = {isa = PBXFileReference; lastKnownFileType = image.png; name = "HexaCalcIconYellow@3x.png"; path = "../../../../AppIcons/HexaCalc/HexaCalcIcon_Feb_2025/AppIcons_Yellow/Assets.xcassets/Renamed/HexaCalcIconYellow@3x.png"; sourceTree = "<group>"; };
		9D13A98F2D63F2AC00C8BFBE /* HexaCalcIconYellow-83.5@2x.png */ = {isa = PBXFileReference; lastKnownFileType = image.png; path = "HexaCalcIconYellow-83.5@2x.png"; sourceTree = "<group>"; };
		9D13A9902D63F2AC00C8BFBE /* HexaCalcIconYellow@2x.png */ = {isa = PBXFileReference; lastKnownFileType = image.png; name = "HexaCalcIconYellow@2x.png"; path = "../../../../AppIcons/HexaCalc/HexaCalcIcon_Feb_2025/AppIcons_Yellow/Assets.xcassets/Renamed/HexaCalcIconYellow@2x.png"; sourceTree = "<group>"; };
		9D3E23D9291F6B9700151B44 /* HexadecimalHexaCalcUITests.swift */ = {isa = PBXFileReference; lastKnownFileType = sourcecode.swift; path = HexadecimalHexaCalcUITests.swift; sourceTree = "<group>"; };
		9D3E23DB291F6BE300151B44 /* UITestHelper.swift */ = {isa = PBXFileReference; lastKnownFileType = sourcecode.swift; path = UITestHelper.swift; sourceTree = "<group>"; };
		9D8460242A46C182008C5A99 /* HistoryButtonViewConverter.swift */ = {isa = PBXFileReference; lastKnownFileType = sourcecode.swift; path = HistoryButtonViewConverter.swift; sourceTree = "<group>"; };
		9D8A805424CB82A0008CDECE /* Formatter+BinaryString.swift */ = {isa = PBXFileReference; lastKnownFileType = sourcecode.swift; path = "Formatter+BinaryString.swift"; sourceTree = "<group>"; };
		9D8F9A2824E6438800F32A2C /* SettingsViewController.swift */ = {isa = PBXFileReference; lastKnownFileType = sourcecode.swift; path = SettingsViewController.swift; sourceTree = "<group>"; };
		9D8F9A2A24E8DCE700F32A2C /* UserPreferences.swift */ = {isa = PBXFileReference; lastKnownFileType = sourcecode.swift; path = UserPreferences.swift; sourceTree = "<group>"; };
		9D979A9925E767D500357754 /* UIWindow+isLandscape.swift */ = {isa = PBXFileReference; lastKnownFileType = sourcecode.swift; path = "UIWindow+isLandscape.swift"; sourceTree = "<group>"; };
		9DA0D7ED250B270800F72051 /* DataPersistence.swift */ = {isa = PBXFileReference; lastKnownFileType = sourcecode.swift; path = DataPersistence.swift; sourceTree = "<group>"; };
		9DAE268924C68BEB0070B965 /* RoundButton.swift */ = {isa = PBXFileReference; lastKnownFileType = sourcecode.swift; path = RoundButton.swift; sourceTree = "<group>"; };
		9DAE268C24C68C300070B965 /* Formatter+ScientificNotation.swift */ = {isa = PBXFileReference; lastKnownFileType = sourcecode.swift; path = "Formatter+ScientificNotation.swift"; sourceTree = "<group>"; };
		9DAE269424C7F77A0070B965 /* StateController.swift */ = {isa = PBXFileReference; lastKnownFileType = sourcecode.swift; path = StateController.swift; sourceTree = "<group>"; };
		9DC242F125E1EE440038DD63 /* UIHelper.swift */ = {isa = PBXFileReference; lastKnownFileType = sourcecode.swift; path = UIHelper.swift; sourceTree = "<group>"; };
		9DC4DA172944367500D1652E /* BinaryHexaCalcUITests.swift */ = {isa = PBXFileReference; lastKnownFileType = sourcecode.swift; path = BinaryHexaCalcUITests.swift; sourceTree = "<group>"; };
		9DC4DA1929457F2C00D1652E /* DecimalHexaCalcUITests.swift */ = {isa = PBXFileReference; lastKnownFileType = sourcecode.swift; path = DecimalHexaCalcUITests.swift; sourceTree = "<group>"; };
		9DC7581627ED867F00BB2953 /* TextTableViewCell.swift */ = {isa = PBXFileReference; lastKnownFileType = sourcecode.swift; path = TextTableViewCell.swift; sourceTree = "<group>"; };
		9DC7581827ED88A800BB2953 /* SwitchTableViewCell.swift */ = {isa = PBXFileReference; lastKnownFileType = sourcecode.swift; path = SwitchTableViewCell.swift; sourceTree = "<group>"; };
		9DC7581927ED88A800BB2953 /* SwitchTableViewCell.xib */ = {isa = PBXFileReference; lastKnownFileType = file.xib; path = SwitchTableViewCell.xib; sourceTree = "<group>"; };
		9DC758202802842E00BB2953 /* SettingsSelectionViewController.swift */ = {isa = PBXFileReference; lastKnownFileType = sourcecode.swift; path = SettingsSelectionViewController.swift; sourceTree = "<group>"; };
		9DC7582228028CC600BB2953 /* SelectionTableViewCell.swift */ = {isa = PBXFileReference; lastKnownFileType = sourcecode.swift; path = SelectionTableViewCell.swift; sourceTree = "<group>"; };
		9DC758262802A83500BB2953 /* ColourNumberConverter.swift */ = {isa = PBXFileReference; lastKnownFileType = sourcecode.swift; path = ColourNumberConverter.swift; sourceTree = "<group>"; };
		9DC758282803C85200BB2953 /* SelectionSummaryTableViewCell.swift */ = {isa = PBXFileReference; lastKnownFileType = sourcecode.swift; path = SelectionSummaryTableViewCell.swift; sourceTree = "<group>"; };
		9DC7582A2803EDF200BB2953 /* CopyOrPasteActionConverter.swift */ = {isa = PBXFileReference; lastKnownFileType = sourcecode.swift; path = CopyOrPasteActionConverter.swift; sourceTree = "<group>"; };
		9DC7582E2803F78B00BB2953 /* ImageTableViewCell.swift */ = {isa = PBXFileReference; lastKnownFileType = sourcecode.swift; path = ImageTableViewCell.swift; sourceTree = "<group>"; };
		9DC758302804CD6200BB2953 /* ReviewManager.swift */ = {isa = PBXFileReference; lastKnownFileType = sourcecode.swift; path = ReviewManager.swift; sourceTree = "<group>"; };
		9DE32E3328DEDBDF00BB222C /* HexaCalcUITests.xctest */ = {isa = PBXFileReference; explicitFileType = wrapper.cfbundle; includeInIndex = 0; path = HexaCalcUITests.xctest; sourceTree = BUILT_PRODUCTS_DIR; };
		9DE32E3528DEDBDF00BB222C /* BasicHexaCalcUITests.swift */ = {isa = PBXFileReference; lastKnownFileType = sourcecode.swift; path = BasicHexaCalcUITests.swift; sourceTree = "<group>"; };
		9DE32E4128EA97FA00BB222C /* Formatter+BinaryString.swift */ = {isa = PBXFileReference; lastKnownFileType = sourcecode.swift; path = "Formatter+BinaryString.swift"; sourceTree = "<group>"; };
		9DE9FB4728DC220E00705A4F /* Operation.swift */ = {isa = PBXFileReference; lastKnownFileType = sourcecode.swift; path = Operation.swift; sourceTree = "<group>"; };
		9DEF249324C553F000701F5B /* HexaCalc.app */ = {isa = PBXFileReference; explicitFileType = wrapper.application; includeInIndex = 0; path = HexaCalc.app; sourceTree = BUILT_PRODUCTS_DIR; };
		9DEF249624C553F000701F5B /* AppDelegate.swift */ = {isa = PBXFileReference; lastKnownFileType = sourcecode.swift; path = AppDelegate.swift; sourceTree = "<group>"; };
		9DEF249824C553F000701F5B /* SceneDelegate.swift */ = {isa = PBXFileReference; lastKnownFileType = sourcecode.swift; path = SceneDelegate.swift; sourceTree = "<group>"; };
		9DEF249A24C553F000701F5B /* HexadecimalViewController.swift */ = {isa = PBXFileReference; lastKnownFileType = sourcecode.swift; path = HexadecimalViewController.swift; sourceTree = "<group>"; };
		9DEF249C24C553F000701F5B /* BinaryViewController.swift */ = {isa = PBXFileReference; lastKnownFileType = sourcecode.swift; path = BinaryViewController.swift; sourceTree = "<group>"; };
		9DEF249F24C553F000701F5B /* Base */ = {isa = PBXFileReference; lastKnownFileType = file.storyboard; name = Base; path = Base.lproj/Main.storyboard; sourceTree = "<group>"; };
		9DEF24A224C553F000701F5B /* HexaCalc.xcdatamodel */ = {isa = PBXFileReference; lastKnownFileType = wrapper.xcdatamodel; path = HexaCalc.xcdatamodel; sourceTree = "<group>"; };
		9DEF24A424C553F100701F5B /* Assets.xcassets */ = {isa = PBXFileReference; lastKnownFileType = folder.assetcatalog; path = Assets.xcassets; sourceTree = "<group>"; };
		9DEF24A724C553F100701F5B /* Base */ = {isa = PBXFileReference; lastKnownFileType = file.storyboard; name = Base; path = Base.lproj/LaunchScreen.storyboard; sourceTree = "<group>"; };
		9DEF24A924C553F100701F5B /* Info.plist */ = {isa = PBXFileReference; lastKnownFileType = text.plist.xml; path = Info.plist; sourceTree = "<group>"; };
		9DEF24BD24C5578300701F5B /* DecimalViewController.swift */ = {isa = PBXFileReference; lastKnownFileType = sourcecode.swift; path = DecimalViewController.swift; sourceTree = "<group>"; };
		9DF9A119294C30730074C07D /* SettingsHexaCalcUITests.swift */ = {isa = PBXFileReference; lastKnownFileType = sourcecode.swift; path = SettingsHexaCalcUITests.swift; sourceTree = "<group>"; };
		C272D50928E75D7C00E6C374 /* CalculationData.swift */ = {isa = PBXFileReference; lastKnownFileType = sourcecode.swift; path = CalculationData.swift; sourceTree = "<group>"; };
		C2D2E1C328DDF90A0094DA13 /* CalculationHistoryViewController.swift */ = {isa = PBXFileReference; lastKnownFileType = sourcecode.swift; path = CalculationHistoryViewController.swift; sourceTree = "<group>"; };
/* End PBXFileReference section */

/* Begin PBXFrameworksBuildPhase section */
		9DE32E3028DEDBDF00BB222C /* Frameworks */ = {
			isa = PBXFrameworksBuildPhase;
			buildActionMask = 2147483647;
			files = (
			);
			runOnlyForDeploymentPostprocessing = 0;
		};
		9DEF249024C553F000701F5B /* Frameworks */ = {
			isa = PBXFrameworksBuildPhase;
			buildActionMask = 2147483647;
			files = (
			);
			runOnlyForDeploymentPostprocessing = 0;
		};
/* End PBXFrameworksBuildPhase section */

/* Begin PBXGroup section */
		9D6DE93024D3CCD4005018E5 /* View Controllers */ = {
			isa = PBXGroup;
			children = (
				9DEF249A24C553F000701F5B /* HexadecimalViewController.swift */,
				9DEF249C24C553F000701F5B /* BinaryViewController.swift */,
				9DEF24BD24C5578300701F5B /* DecimalViewController.swift */,
				9D8F9A2824E6438800F32A2C /* SettingsViewController.swift */,
				9DC758202802842E00BB2953 /* SettingsSelectionViewController.swift */,
				C2D2E1C328DDF90A0094DA13 /* CalculationHistoryViewController.swift */,
			);
			path = "View Controllers";
			sourceTree = "<group>";
		};
		9D6DE93124D3CCFB005018E5 /* Model */ = {
			isa = PBXGroup;
			children = (
				9DAE269424C7F77A0070B965 /* StateController.swift */,
				9D8F9A2A24E8DCE700F32A2C /* UserPreferences.swift */,
				9DA0D7ED250B270800F72051 /* DataPersistence.swift */,
				9DC242F125E1EE440038DD63 /* UIHelper.swift */,
				9DC758262802A83500BB2953 /* ColourNumberConverter.swift */,
				9DC7582A2803EDF200BB2953 /* CopyOrPasteActionConverter.swift */,
				9D8460242A46C182008C5A99 /* HistoryButtonViewConverter.swift */,
				9DC758302804CD6200BB2953 /* ReviewManager.swift */,
				9DE9FB4728DC220E00705A4F /* Operation.swift */,
				C272D50928E75D7C00E6C374 /* CalculationData.swift */,
			);
			path = Model;
			sourceTree = "<group>";
		};
		9D6DE93224D3CF21005018E5 /* Resources */ = {
			isa = PBXGroup;
			children = (
				9D8F9A2C24EA011500F32A2C /* App Icons */,
				9D6DE93324D3CF62005018E5 /* Storyboards */,
				9DEF24A424C553F100701F5B /* Assets.xcassets */,
				9DEF24A124C553F000701F5B /* HexaCalc.xcdatamodeld */,
			);
			path = Resources;
			sourceTree = "<group>";
		};
		9D6DE93324D3CF62005018E5 /* Storyboards */ = {
			isa = PBXGroup;
			children = (
				9DEF249E24C553F000701F5B /* Main.storyboard */,
				9DEF24A624C553F100701F5B /* LaunchScreen.storyboard */,
			);
			path = Storyboards;
			sourceTree = "<group>";
		};
		9D8F9A2C24EA011500F32A2C /* App Icons */ = {
			isa = PBXGroup;
			children = (
				9D13A9352D63EDB100C8BFBE /* HexaCalcIconGreen-83.5@2x.png */,
				9D13A9322D63EDB100C8BFBE /* HexaCalcIconGreen@2x.png */,
				9D13A9342D63EDB100C8BFBE /* HexaCalcIconGreen@2x~ipad.png */,
				9D13A9362D63EDB100C8BFBE /* HexaCalcIconGreen@3x.png */,
				9D13A9332D63EDB100C8BFBE /* HexaCalcIconGreen~ipad.png */,
				9D13A93D2D63F06B00C8BFBE /* HexaCalcIconBlue-83.5@2x.png */,
				9D13A93F2D63F06C00C8BFBE /* HexaCalcIconBlue@2x.png */,
				9D13A93E2D63F06C00C8BFBE /* HexaCalcIconBlue@2x~ipad.png */,
				9D13A9402D63F06C00C8BFBE /* HexaCalcIconBlue@3x.png */,
				9D13A93C2D63F06B00C8BFBE /* HexaCalcIconBlue~ipad.png */,
				9D13A9472D63F0EA00C8BFBE /* HexaCalcIconBrown-83.5@2x.png */,
				9D13A9492D63F0EA00C8BFBE /* HexaCalcIconBrown@2x.png */,
				9D13A9462D63F0E900C8BFBE /* HexaCalcIconBrown@2x~ipad.png */,
				9D13A94A2D63F0EA00C8BFBE /* HexaCalcIconBrown@3x.png */,
				9D13A9482D63F0EA00C8BFBE /* HexaCalcIconBrown~ipad.png */,
				9D13A9502D63F14C00C8BFBE /* HexaCalcIconIndigo-83.5@2x.png */,
				9D13A9542D63F14D00C8BFBE /* HexaCalcIconIndigo@2x.png */,
				9D13A9512D63F14D00C8BFBE /* HexaCalcIconIndigo@2x~ipad.png */,
				9D13A9532D63F14D00C8BFBE /* HexaCalcIconIndigo@3x.png */,
				9D13A9522D63F14D00C8BFBE /* HexaCalcIconIndigo~ipad.png */,
				9D13A95C2D63F18F00C8BFBE /* HexaCalcIconOrange-83.5@2x.png */,
				9D13A95D2D63F18F00C8BFBE /* HexaCalcIconOrange@2x.png */,
				9D13A95B2D63F18F00C8BFBE /* HexaCalcIconOrange@2x~ipad.png */,
				9D13A95E2D63F18F00C8BFBE /* HexaCalcIconOrange@3x.png */,
				9D13A95A2D63F18F00C8BFBE /* HexaCalcIconOrange~ipad.png */,
				9D13A9642D63F1CB00C8BFBE /* HexaCalcIconPink-83.5@2x.png */,
				9D13A9682D63F1CB00C8BFBE /* HexaCalcIconPink@2x.png */,
				9D13A9662D63F1CB00C8BFBE /* HexaCalcIconPink@2x~ipad.png */,
				9D13A9652D63F1CB00C8BFBE /* HexaCalcIconPink@3x.png */,
				9D13A9672D63F1CB00C8BFBE /* HexaCalcIconPink~ipad.png */,
				9D13A9722D63F20B00C8BFBE /* HexaCalcIconRed-83.5@2x.png */,
				9D13A9712D63F20B00C8BFBE /* HexaCalcIconRed@2x.png */,
				9D13A96F2D63F20B00C8BFBE /* HexaCalcIconRed@2x~ipad.png */,
				9D13A9702D63F20B00C8BFBE /* HexaCalcIconRed@3x.png */,
				9D13A96E2D63F20A00C8BFBE /* HexaCalcIconRed~ipad.png */,
				9D13A97C2D63F24300C8BFBE /* HexaCalcIconTeal-83.5@2x.png */,
				9D13A9792D63F24200C8BFBE /* HexaCalcIconTeal@2x.png */,
				9D13A9782D63F24200C8BFBE /* HexaCalcIconTeal@2x~ipad.png */,
				9D13A97A2D63F24300C8BFBE /* HexaCalcIconTeal@3x.png */,
				9D13A97B2D63F24300C8BFBE /* HexaCalcIconTeal~ipad.png */,
				9D13A9852D63F27800C8BFBE /* HexaCalcIconViolet-83.5@2x.png */,
				9D13A9842D63F27800C8BFBE /* HexaCalcIconViolet@2x.png */,
				9D13A9832D63F27800C8BFBE /* HexaCalcIconViolet@2x~ipad.png */,
				9D13A9862D63F27900C8BFBE /* HexaCalcIconViolet@3x.png */,
				9D13A9822D63F27800C8BFBE /* HexaCalcIconViolet~ipad.png */,
				9D13A98F2D63F2AC00C8BFBE /* HexaCalcIconYellow-83.5@2x.png */,
				9D13A9902D63F2AC00C8BFBE /* HexaCalcIconYellow@2x.png */,
				9D13A98D2D63F2AC00C8BFBE /* HexaCalcIconYellow@2x~ipad.png */,
				9D13A98E2D63F2AC00C8BFBE /* HexaCalcIconYellow@3x.png */,
				9D13A98C2D63F2AC00C8BFBE /* HexaCalcIconYellow~ipad.png */,
			);
			path = "App Icons";
			sourceTree = "<group>";
		};
		9DAE268B24C68C090070B965 /* Extensions */ = {
			isa = PBXGroup;
			children = (
				9D8A805424CB82A0008CDECE /* Formatter+BinaryString.swift */,
				9DAE268C24C68C300070B965 /* Formatter+ScientificNotation.swift */,
				9D979A9925E767D500357754 /* UIWindow+isLandscape.swift */,
			);
			path = Extensions;
			sourceTree = "<group>";
		};
		9DC7582D2803F28200BB2953 /* Views */ = {
			isa = PBXGroup;
			children = (
				9DAE268924C68BEB0070B965 /* RoundButton.swift */,
				9DC7581627ED867F00BB2953 /* TextTableViewCell.swift */,
				9DC7581827ED88A800BB2953 /* SwitchTableViewCell.swift */,
				9DC7581927ED88A800BB2953 /* SwitchTableViewCell.xib */,
				9DC7582228028CC600BB2953 /* SelectionTableViewCell.swift */,
				9DC758282803C85200BB2953 /* SelectionSummaryTableViewCell.swift */,
				9DC7582E2803F78B00BB2953 /* ImageTableViewCell.swift */,
			);
			path = Views;
			sourceTree = "<group>";
		};
		9DE32E3428DEDBDF00BB222C /* HexaCalcUITests */ = {
			isa = PBXGroup;
			children = (
				9DE32E3E28EA979800BB222C /* Extensions */,
				9DE32E3528DEDBDF00BB222C /* BasicHexaCalcUITests.swift */,
				9DC4DA172944367500D1652E /* BinaryHexaCalcUITests.swift */,
				9DC4DA1929457F2C00D1652E /* DecimalHexaCalcUITests.swift */,
				9D3E23D9291F6B9700151B44 /* HexadecimalHexaCalcUITests.swift */,
				9D3E23DB291F6BE300151B44 /* UITestHelper.swift */,
				9DF9A119294C30730074C07D /* SettingsHexaCalcUITests.swift */,
			);
			path = HexaCalcUITests;
			sourceTree = "<group>";
		};
		9DE32E3E28EA979800BB222C /* Extensions */ = {
			isa = PBXGroup;
			children = (
				9DE32E4128EA97FA00BB222C /* Formatter+BinaryString.swift */,
			);
			path = Extensions;
			sourceTree = "<group>";
		};
		9DEF248A24C553F000701F5B = {
			isa = PBXGroup;
			children = (
				9DEF249524C553F000701F5B /* HexaCalc */,
				9DE32E3428DEDBDF00BB222C /* HexaCalcUITests */,
				9DEF249424C553F000701F5B /* Products */,
			);
			sourceTree = "<group>";
		};
		9DEF249424C553F000701F5B /* Products */ = {
			isa = PBXGroup;
			children = (
				9DEF249324C553F000701F5B /* HexaCalc.app */,
				9DE32E3328DEDBDF00BB222C /* HexaCalcUITests.xctest */,
			);
			name = Products;
			sourceTree = "<group>";
		};
		9DEF249524C553F000701F5B /* HexaCalc */ = {
			isa = PBXGroup;
			children = (
				9DC7582D2803F28200BB2953 /* Views */,
				9D6DE93024D3CCD4005018E5 /* View Controllers */,
				9DAE268B24C68C090070B965 /* Extensions */,
				9D6DE93124D3CCFB005018E5 /* Model */,
				9D6DE93224D3CF21005018E5 /* Resources */,
				9DEF249624C553F000701F5B /* AppDelegate.swift */,
				9DEF249824C553F000701F5B /* SceneDelegate.swift */,
				9DEF24A924C553F100701F5B /* Info.plist */,
			);
			path = HexaCalc;
			sourceTree = "<group>";
		};
/* End PBXGroup section */

/* Begin PBXNativeTarget section */
		9DE32E3228DEDBDF00BB222C /* HexaCalcUITests */ = {
			isa = PBXNativeTarget;
			buildConfigurationList = 9DE32E3D28DEDBDF00BB222C /* Build configuration list for PBXNativeTarget "HexaCalcUITests" */;
			buildPhases = (
				9DE32E2F28DEDBDF00BB222C /* Sources */,
				9DE32E3028DEDBDF00BB222C /* Frameworks */,
				9DE32E3128DEDBDF00BB222C /* Resources */,
			);
			buildRules = (
			);
			dependencies = (
				9DE32E3A28DEDBDF00BB222C /* PBXTargetDependency */,
			);
			name = HexaCalcUITests;
			productName = HexaCalcUITests;
			productReference = 9DE32E3328DEDBDF00BB222C /* HexaCalcUITests.xctest */;
			productType = "com.apple.product-type.bundle.ui-testing";
		};
		9DEF249224C553F000701F5B /* HexaCalc */ = {
			isa = PBXNativeTarget;
			buildConfigurationList = 9DEF24B724C553F100701F5B /* Build configuration list for PBXNativeTarget "HexaCalc" */;
			buildPhases = (
				9DEF248F24C553F000701F5B /* Sources */,
				9DEF249024C553F000701F5B /* Frameworks */,
				9DEF249124C553F000701F5B /* Resources */,
			);
			buildRules = (
			);
			dependencies = (
			);
			name = HexaCalc;
			productName = HexaCalc;
			productReference = 9DEF249324C553F000701F5B /* HexaCalc.app */;
			productType = "com.apple.product-type.application";
		};
/* End PBXNativeTarget section */

/* Begin PBXProject section */
		9DEF248B24C553F000701F5B /* Project object */ = {
			isa = PBXProject;
			attributes = {
				BuildIndependentTargetsInParallel = YES;
				LastSwiftUpdateCheck = 1340;
				LastUpgradeCheck = 1540;
				ORGANIZATIONNAME = "Anthony Hopkins";
				TargetAttributes = {
					9DE32E3228DEDBDF00BB222C = {
						CreatedOnToolsVersion = 13.4.1;
						TestTargetID = 9DEF249224C553F000701F5B;
					};
					9DEF249224C553F000701F5B = {
						CreatedOnToolsVersion = 11.5;
					};
				};
			};
			buildConfigurationList = 9DEF248E24C553F000701F5B /* Build configuration list for PBXProject "HexaCalc" */;
			compatibilityVersion = "Xcode 9.3";
			developmentRegion = en;
			hasScannedForEncodings = 0;
			knownRegions = (
				en,
				Base,
			);
			mainGroup = 9DEF248A24C553F000701F5B;
			productRefGroup = 9DEF249424C553F000701F5B /* Products */;
			projectDirPath = "";
			projectRoot = "";
			targets = (
				9DEF249224C553F000701F5B /* HexaCalc */,
				9DE32E3228DEDBDF00BB222C /* HexaCalcUITests */,
			);
		};
/* End PBXProject section */

/* Begin PBXResourcesBuildPhase section */
		9DE32E3128DEDBDF00BB222C /* Resources */ = {
			isa = PBXResourcesBuildPhase;
			buildActionMask = 2147483647;
			files = (
			);
			runOnlyForDeploymentPostprocessing = 0;
		};
		9DEF249124C553F000701F5B /* Resources */ = {
			isa = PBXResourcesBuildPhase;
			buildActionMask = 2147483647;
			files = (
				9D13A93A2D63EDB100C8BFBE /* HexaCalcIconGreen-83.5@2x.png in Resources */,
				9D13A97F2D63F24300C8BFBE /* HexaCalcIconTeal@3x.png in Resources */,
				9D13A96A2D63F1CB00C8BFBE /* HexaCalcIconPink@3x.png in Resources */,
				9D13A9602D63F18F00C8BFBE /* HexaCalcIconOrange@2x~ipad.png in Resources */,
				9D13A94E2D63F0EA00C8BFBE /* HexaCalcIconBrown@2x.png in Resources */,
				9D13A9562D63F14D00C8BFBE /* HexaCalcIconIndigo@2x~ipad.png in Resources */,
				9D13A9732D63F20B00C8BFBE /* HexaCalcIconRed~ipad.png in Resources */,
				9D13A9762D63F20B00C8BFBE /* HexaCalcIconRed@2x.png in Resources */,
				9D13A9622D63F18F00C8BFBE /* HexaCalcIconOrange@2x.png in Resources */,
				9D13A9552D63F14D00C8BFBE /* HexaCalcIconIndigo-83.5@2x.png in Resources */,
				9D13A9942D63F2AC00C8BFBE /* HexaCalcIconYellow-83.5@2x.png in Resources */,
				9D13A94B2D63F0EA00C8BFBE /* HexaCalcIconBrown@2x~ipad.png in Resources */,
				9D13A94F2D63F0EA00C8BFBE /* HexaCalcIconBrown@3x.png in Resources */,
				9D13A9882D63F27900C8BFBE /* HexaCalcIconViolet@2x~ipad.png in Resources */,
				9D13A96B2D63F1CB00C8BFBE /* HexaCalcIconPink@2x~ipad.png in Resources */,
				9D13A9912D63F2AC00C8BFBE /* HexaCalcIconYellow~ipad.png in Resources */,
				9D13A9422D63F06C00C8BFBE /* HexaCalcIconBlue-83.5@2x.png in Resources */,
				9DEF24A824C553F100701F5B /* LaunchScreen.storyboard in Resources */,
				9D13A9432D63F06C00C8BFBE /* HexaCalcIconBlue@2x~ipad.png in Resources */,
				9D13A9812D63F24300C8BFBE /* HexaCalcIconTeal-83.5@2x.png in Resources */,
				9D13A9772D63F20B00C8BFBE /* HexaCalcIconRed-83.5@2x.png in Resources */,
				9D13A9412D63F06C00C8BFBE /* HexaCalcIconBlue~ipad.png in Resources */,
				9D13A95F2D63F18F00C8BFBE /* HexaCalcIconOrange~ipad.png in Resources */,
				9D13A9632D63F18F00C8BFBE /* HexaCalcIconOrange@3x.png in Resources */,
				9D13A9692D63F1CB00C8BFBE /* HexaCalcIconPink-83.5@2x.png in Resources */,
				9D13A9582D63F14D00C8BFBE /* HexaCalcIconIndigo@3x.png in Resources */,
				9D13A97D2D63F24300C8BFBE /* HexaCalcIconTeal@2x~ipad.png in Resources */,
				9D13A94D2D63F0EA00C8BFBE /* HexaCalcIconBrown~ipad.png in Resources */,
				9DC7581B27ED88A800BB2953 /* SwitchTableViewCell.xib in Resources */,
				9D13A98A2D63F27900C8BFBE /* HexaCalcIconViolet-83.5@2x.png in Resources */,
				9D13A9892D63F27900C8BFBE /* HexaCalcIconViolet@2x.png in Resources */,
				9DEF24A524C553F100701F5B /* Assets.xcassets in Resources */,
				9D13A9612D63F18F00C8BFBE /* HexaCalcIconOrange-83.5@2x.png in Resources */,
				9D13A9452D63F06C00C8BFBE /* HexaCalcIconBlue@3x.png in Resources */,
				9D13A97E2D63F24300C8BFBE /* HexaCalcIconTeal@2x.png in Resources */,
				9DEF24A024C553F000701F5B /* Main.storyboard in Resources */,
				9D13A98B2D63F27900C8BFBE /* HexaCalcIconViolet@3x.png in Resources */,
				9D13A9802D63F24300C8BFBE /* HexaCalcIconTeal~ipad.png in Resources */,
				9D13A9742D63F20B00C8BFBE /* HexaCalcIconRed@2x~ipad.png in Resources */,
				9D13A9872D63F27900C8BFBE /* HexaCalcIconViolet~ipad.png in Resources */,
				9D13A9382D63EDB100C8BFBE /* HexaCalcIconGreen~ipad.png in Resources */,
				9D13A9572D63F14D00C8BFBE /* HexaCalcIconIndigo~ipad.png in Resources */,
				9D13A9922D63F2AC00C8BFBE /* HexaCalcIconYellow@2x~ipad.png in Resources */,
				9D13A96C2D63F1CB00C8BFBE /* HexaCalcIconPink~ipad.png in Resources */,
				9D13A9592D63F14D00C8BFBE /* HexaCalcIconIndigo@2x.png in Resources */,
				9D13A96D2D63F1CB00C8BFBE /* HexaCalcIconPink@2x.png in Resources */,
				9D13A93B2D63EDB100C8BFBE /* HexaCalcIconGreen@3x.png in Resources */,
				9D13A9372D63EDB100C8BFBE /* HexaCalcIconGreen@2x.png in Resources */,
				9D13A9952D63F2AC00C8BFBE /* HexaCalcIconYellow@2x.png in Resources */,
				9D13A9392D63EDB100C8BFBE /* HexaCalcIconGreen@2x~ipad.png in Resources */,
				9D13A9442D63F06C00C8BFBE /* HexaCalcIconBlue@2x.png in Resources */,
				9D13A9932D63F2AC00C8BFBE /* HexaCalcIconYellow@3x.png in Resources */,
				9D13A94C2D63F0EA00C8BFBE /* HexaCalcIconBrown-83.5@2x.png in Resources */,
				9D13A9752D63F20B00C8BFBE /* HexaCalcIconRed@3x.png in Resources */,
			);
			runOnlyForDeploymentPostprocessing = 0;
		};
/* End PBXResourcesBuildPhase section */

/* Begin PBXSourcesBuildPhase section */
		9DE32E2F28DEDBDF00BB222C /* Sources */ = {
			isa = PBXSourcesBuildPhase;
			buildActionMask = 2147483647;
			files = (
				9DC4DA1A29457F2C00D1652E /* DecimalHexaCalcUITests.swift in Sources */,
				9DF9A11A294C30730074C07D /* SettingsHexaCalcUITests.swift in Sources */,
				9DC4DA182944367500D1652E /* BinaryHexaCalcUITests.swift in Sources */,
				9D3E23DA291F6B9700151B44 /* HexadecimalHexaCalcUITests.swift in Sources */,
				9DE32E4028EA97AC00BB222C /* BasicHexaCalcUITests.swift in Sources */,
				9D3E23DC291F6BE300151B44 /* UITestHelper.swift in Sources */,
				9DE32E4228EA97FA00BB222C /* Formatter+BinaryString.swift in Sources */,
			);
			runOnlyForDeploymentPostprocessing = 0;
		};
		9DEF248F24C553F000701F5B /* Sources */ = {
			isa = PBXSourcesBuildPhase;
			buildActionMask = 2147483647;
			files = (
				9DC7581727ED867F00BB2953 /* TextTableViewCell.swift in Sources */,
				9DEF249D24C553F000701F5B /* BinaryViewController.swift in Sources */,
				9D8F9A2B24E8DCE700F32A2C /* UserPreferences.swift in Sources */,
				9DC758312804CD6200BB2953 /* ReviewManager.swift in Sources */,
				9DC758212802842E00BB2953 /* SettingsSelectionViewController.swift in Sources */,
				9DEF249B24C553F000701F5B /* HexadecimalViewController.swift in Sources */,
				9D8F9A2924E6438800F32A2C /* SettingsViewController.swift in Sources */,
				9DC7582B2803EDF200BB2953 /* CopyOrPasteActionConverter.swift in Sources */,
				9DC7581A27ED88A800BB2953 /* SwitchTableViewCell.swift in Sources */,
				C2D2E1C428DDF90A0094DA13 /* CalculationHistoryViewController.swift in Sources */,
				9DAE268A24C68BEB0070B965 /* RoundButton.swift in Sources */,
				9DC7582428028CC600BB2953 /* SelectionTableViewCell.swift in Sources */,
				9D979A9A25E767D500357754 /* UIWindow+isLandscape.swift in Sources */,
				9DA0D7EE250B270800F72051 /* DataPersistence.swift in Sources */,
				9DE9FB4828DC220E00705A4F /* Operation.swift in Sources */,
				9DEF24A324C553F000701F5B /* HexaCalc.xcdatamodeld in Sources */,
				9D8460252A46C182008C5A99 /* HistoryButtonViewConverter.swift in Sources */,
				9DAE269524C7F77A0070B965 /* StateController.swift in Sources */,
				9DC7582F2803F78B00BB2953 /* ImageTableViewCell.swift in Sources */,
				9DEF249724C553F000701F5B /* AppDelegate.swift in Sources */,
				9D8A805524CB82A0008CDECE /* Formatter+BinaryString.swift in Sources */,
				9DC758272802A83500BB2953 /* ColourNumberConverter.swift in Sources */,
				9DAE268D24C68C300070B965 /* Formatter+ScientificNotation.swift in Sources */,
				9DEF24BE24C5578300701F5B /* DecimalViewController.swift in Sources */,
				9DC758292803C85200BB2953 /* SelectionSummaryTableViewCell.swift in Sources */,
				9DEF249924C553F000701F5B /* SceneDelegate.swift in Sources */,
				C272D50A28E75D7C00E6C374 /* CalculationData.swift in Sources */,
				9DC242F225E1EE440038DD63 /* UIHelper.swift in Sources */,
			);
			runOnlyForDeploymentPostprocessing = 0;
		};
/* End PBXSourcesBuildPhase section */

/* Begin PBXTargetDependency section */
		9DE32E3A28DEDBDF00BB222C /* PBXTargetDependency */ = {
			isa = PBXTargetDependency;
			target = 9DEF249224C553F000701F5B /* HexaCalc */;
			targetProxy = 9DE32E3928DEDBDF00BB222C /* PBXContainerItemProxy */;
		};
/* End PBXTargetDependency section */

/* Begin PBXVariantGroup section */
		9DEF249E24C553F000701F5B /* Main.storyboard */ = {
			isa = PBXVariantGroup;
			children = (
				9DEF249F24C553F000701F5B /* Base */,
			);
			name = Main.storyboard;
			sourceTree = "<group>";
		};
		9DEF24A624C553F100701F5B /* LaunchScreen.storyboard */ = {
			isa = PBXVariantGroup;
			children = (
				9DEF24A724C553F100701F5B /* Base */,
			);
			name = LaunchScreen.storyboard;
			sourceTree = "<group>";
		};
/* End PBXVariantGroup section */

/* Begin XCBuildConfiguration section */
		9DE32E3B28DEDBDF00BB222C /* Debug */ = {
			isa = XCBuildConfiguration;
			buildSettings = {
				CLANG_CXX_LANGUAGE_STANDARD = "gnu++17";
				CODE_SIGN_IDENTITY = "Apple Development";
				CODE_SIGN_STYLE = Automatic;
				CURRENT_PROJECT_VERSION = 1;
				DEVELOPMENT_TEAM = QMBJV5C74X;
				GENERATE_INFOPLIST_FILE = YES;
				IPHONEOS_DEPLOYMENT_TARGET = 13.0;
				MARKETING_VERSION = 1.0;
				PRODUCT_BUNDLE_IDENTIFIER = com.hopkins.HexaCalcUITests;
				PRODUCT_NAME = "$(TARGET_NAME)";
				PROVISIONING_PROFILE_SPECIFIER = "";
				SUPPORTED_PLATFORMS = "iphoneos iphonesimulator";
				SUPPORTS_MACCATALYST = NO;
				SUPPORTS_MAC_DESIGNED_FOR_IPHONE_IPAD = YES;
				SWIFT_EMIT_LOC_STRINGS = NO;
				SWIFT_VERSION = 5.0;
				TARGETED_DEVICE_FAMILY = "1,2";
				TEST_TARGET_NAME = HexaCalc;
			};
			name = Debug;
		};
		9DE32E3C28DEDBDF00BB222C /* Release */ = {
			isa = XCBuildConfiguration;
			buildSettings = {
				CLANG_CXX_LANGUAGE_STANDARD = "gnu++17";
				CODE_SIGN_IDENTITY = "Apple Development";
				CODE_SIGN_STYLE = Automatic;
				CURRENT_PROJECT_VERSION = 1;
				DEVELOPMENT_TEAM = QMBJV5C74X;
				GENERATE_INFOPLIST_FILE = YES;
				IPHONEOS_DEPLOYMENT_TARGET = 13.0;
				MARKETING_VERSION = 1.0;
				PRODUCT_BUNDLE_IDENTIFIER = com.hopkins.HexaCalcUITests;
				PRODUCT_NAME = "$(TARGET_NAME)";
				PROVISIONING_PROFILE_SPECIFIER = "";
				SUPPORTED_PLATFORMS = "iphoneos iphonesimulator";
				SUPPORTS_MACCATALYST = NO;
				SUPPORTS_MAC_DESIGNED_FOR_IPHONE_IPAD = YES;
				SWIFT_EMIT_LOC_STRINGS = NO;
				SWIFT_VERSION = 5.0;
				TARGETED_DEVICE_FAMILY = "1,2";
				TEST_TARGET_NAME = HexaCalc;
			};
			name = Release;
		};
		9DEF24B524C553F100701F5B /* Debug */ = {
			isa = XCBuildConfiguration;
			buildSettings = {
				ALWAYS_SEARCH_USER_PATHS = NO;
				CLANG_ANALYZER_NONNULL = YES;
				CLANG_ANALYZER_NUMBER_OBJECT_CONVERSION = YES_AGGRESSIVE;
				CLANG_CXX_LANGUAGE_STANDARD = "gnu++14";
				CLANG_CXX_LIBRARY = "libc++";
				CLANG_ENABLE_MODULES = YES;
				CLANG_ENABLE_OBJC_ARC = YES;
				CLANG_ENABLE_OBJC_WEAK = YES;
				CLANG_WARN_BLOCK_CAPTURE_AUTORELEASING = YES;
				CLANG_WARN_BOOL_CONVERSION = YES;
				CLANG_WARN_COMMA = YES;
				CLANG_WARN_CONSTANT_CONVERSION = YES;
				CLANG_WARN_DEPRECATED_OBJC_IMPLEMENTATIONS = YES;
				CLANG_WARN_DIRECT_OBJC_ISA_USAGE = YES_ERROR;
				CLANG_WARN_DOCUMENTATION_COMMENTS = YES;
				CLANG_WARN_EMPTY_BODY = YES;
				CLANG_WARN_ENUM_CONVERSION = YES;
				CLANG_WARN_INFINITE_RECURSION = YES;
				CLANG_WARN_INT_CONVERSION = YES;
				CLANG_WARN_NON_LITERAL_NULL_CONVERSION = YES;
				CLANG_WARN_OBJC_IMPLICIT_RETAIN_SELF = YES;
				CLANG_WARN_OBJC_LITERAL_CONVERSION = YES;
				CLANG_WARN_OBJC_ROOT_CLASS = YES_ERROR;
				CLANG_WARN_QUOTED_INCLUDE_IN_FRAMEWORK_HEADER = YES;
				CLANG_WARN_RANGE_LOOP_ANALYSIS = YES;
				CLANG_WARN_STRICT_PROTOTYPES = YES;
				CLANG_WARN_SUSPICIOUS_MOVE = YES;
				CLANG_WARN_UNGUARDED_AVAILABILITY = YES_AGGRESSIVE;
				CLANG_WARN_UNREACHABLE_CODE = YES;
				CLANG_WARN__DUPLICATE_METHOD_MATCH = YES;
				COPY_PHASE_STRIP = NO;
				DEBUG_INFORMATION_FORMAT = dwarf;
				ENABLE_STRICT_OBJC_MSGSEND = YES;
				ENABLE_TESTABILITY = YES;
				ENABLE_USER_SCRIPT_SANDBOXING = YES;
				GCC_C_LANGUAGE_STANDARD = gnu11;
				GCC_DYNAMIC_NO_PIC = NO;
				GCC_NO_COMMON_BLOCKS = YES;
				GCC_OPTIMIZATION_LEVEL = 0;
				GCC_PREPROCESSOR_DEFINITIONS = (
					"DEBUG=1",
					"$(inherited)",
				);
				GCC_WARN_64_TO_32_BIT_CONVERSION = YES;
				GCC_WARN_ABOUT_RETURN_TYPE = YES_ERROR;
				GCC_WARN_UNDECLARED_SELECTOR = YES;
				GCC_WARN_UNINITIALIZED_AUTOS = YES_AGGRESSIVE;
				GCC_WARN_UNUSED_FUNCTION = YES;
				GCC_WARN_UNUSED_VARIABLE = YES;
				IPHONEOS_DEPLOYMENT_TARGET = 13.0;
				MTL_ENABLE_DEBUG_INFO = INCLUDE_SOURCE;
				MTL_FAST_MATH = YES;
				ONLY_ACTIVE_ARCH = YES;
				SDKROOT = iphoneos;
				SWIFT_ACTIVE_COMPILATION_CONDITIONS = DEBUG;
				SWIFT_OPTIMIZATION_LEVEL = "-Onone";
			};
			name = Debug;
		};
		9DEF24B624C553F100701F5B /* Release */ = {
			isa = XCBuildConfiguration;
			buildSettings = {
				ALWAYS_SEARCH_USER_PATHS = NO;
				CLANG_ANALYZER_NONNULL = YES;
				CLANG_ANALYZER_NUMBER_OBJECT_CONVERSION = YES_AGGRESSIVE;
				CLANG_CXX_LANGUAGE_STANDARD = "gnu++14";
				CLANG_CXX_LIBRARY = "libc++";
				CLANG_ENABLE_MODULES = YES;
				CLANG_ENABLE_OBJC_ARC = YES;
				CLANG_ENABLE_OBJC_WEAK = YES;
				CLANG_WARN_BLOCK_CAPTURE_AUTORELEASING = YES;
				CLANG_WARN_BOOL_CONVERSION = YES;
				CLANG_WARN_COMMA = YES;
				CLANG_WARN_CONSTANT_CONVERSION = YES;
				CLANG_WARN_DEPRECATED_OBJC_IMPLEMENTATIONS = YES;
				CLANG_WARN_DIRECT_OBJC_ISA_USAGE = YES_ERROR;
				CLANG_WARN_DOCUMENTATION_COMMENTS = YES;
				CLANG_WARN_EMPTY_BODY = YES;
				CLANG_WARN_ENUM_CONVERSION = YES;
				CLANG_WARN_INFINITE_RECURSION = YES;
				CLANG_WARN_INT_CONVERSION = YES;
				CLANG_WARN_NON_LITERAL_NULL_CONVERSION = YES;
				CLANG_WARN_OBJC_IMPLICIT_RETAIN_SELF = YES;
				CLANG_WARN_OBJC_LITERAL_CONVERSION = YES;
				CLANG_WARN_OBJC_ROOT_CLASS = YES_ERROR;
				CLANG_WARN_QUOTED_INCLUDE_IN_FRAMEWORK_HEADER = YES;
				CLANG_WARN_RANGE_LOOP_ANALYSIS = YES;
				CLANG_WARN_STRICT_PROTOTYPES = YES;
				CLANG_WARN_SUSPICIOUS_MOVE = YES;
				CLANG_WARN_UNGUARDED_AVAILABILITY = YES_AGGRESSIVE;
				CLANG_WARN_UNREACHABLE_CODE = YES;
				CLANG_WARN__DUPLICATE_METHOD_MATCH = YES;
				COPY_PHASE_STRIP = NO;
				DEBUG_INFORMATION_FORMAT = "dwarf-with-dsym";
				ENABLE_NS_ASSERTIONS = NO;
				ENABLE_STRICT_OBJC_MSGSEND = YES;
				ENABLE_USER_SCRIPT_SANDBOXING = YES;
				GCC_C_LANGUAGE_STANDARD = gnu11;
				GCC_NO_COMMON_BLOCKS = YES;
				GCC_WARN_64_TO_32_BIT_CONVERSION = YES;
				GCC_WARN_ABOUT_RETURN_TYPE = YES_ERROR;
				GCC_WARN_UNDECLARED_SELECTOR = YES;
				GCC_WARN_UNINITIALIZED_AUTOS = YES_AGGRESSIVE;
				GCC_WARN_UNUSED_FUNCTION = YES;
				GCC_WARN_UNUSED_VARIABLE = YES;
				IPHONEOS_DEPLOYMENT_TARGET = 13.0;
				MTL_ENABLE_DEBUG_INFO = NO;
				MTL_FAST_MATH = YES;
				SDKROOT = iphoneos;
				SWIFT_COMPILATION_MODE = wholemodule;
				SWIFT_OPTIMIZATION_LEVEL = "-O";
				VALIDATE_PRODUCT = YES;
			};
			name = Release;
		};
		9DEF24B824C553F100701F5B /* Debug */ = {
			isa = XCBuildConfiguration;
			buildSettings = {
				ASSETCATALOG_COMPILER_APPICON_NAME = AppIcon;
				CODE_SIGN_STYLE = Automatic;
				CURRENT_PROJECT_VERSION = 2;
				DEVELOPMENT_TEAM = QMBJV5C74X;
				INFOPLIST_FILE = HexaCalc/Info.plist;
				INFOPLIST_KEY_LSApplicationCategoryType = "public.app-category.utilities";
				IPHONEOS_DEPLOYMENT_TARGET = 13.0;
				LD_RUNPATH_SEARCH_PATHS = (
					"$(inherited)",
					"@executable_path/Frameworks",
				);
				MARKETING_VERSION = 1.6.0;
				PRODUCT_BUNDLE_IDENTIFIER = com.example.HexaCalc;
				PRODUCT_NAME = "$(TARGET_NAME)";
				SWIFT_VERSION = 5.0;
				TARGETED_DEVICE_FAMILY = "1,2";
			};
			name = Debug;
		};
		9DEF24B924C553F100701F5B /* Release */ = {
			isa = XCBuildConfiguration;
			buildSettings = {
				ASSETCATALOG_COMPILER_APPICON_NAME = AppIcon;
				CODE_SIGN_STYLE = Automatic;
				CURRENT_PROJECT_VERSION = 2;
				DEVELOPMENT_TEAM = QMBJV5C74X;
				INFOPLIST_FILE = HexaCalc/Info.plist;
				INFOPLIST_KEY_LSApplicationCategoryType = "public.app-category.utilities";
				IPHONEOS_DEPLOYMENT_TARGET = 13.0;
				LD_RUNPATH_SEARCH_PATHS = (
					"$(inherited)",
					"@executable_path/Frameworks",
				);
				MARKETING_VERSION = 1.6.0;
				PRODUCT_BUNDLE_IDENTIFIER = com.example.HexaCalc;
				PRODUCT_NAME = "$(TARGET_NAME)";
				SWIFT_VERSION = 5.0;
				TARGETED_DEVICE_FAMILY = "1,2";
			};
			name = Release;
		};
/* End XCBuildConfiguration section */

/* Begin XCConfigurationList section */
		9DE32E3D28DEDBDF00BB222C /* Build configuration list for PBXNativeTarget "HexaCalcUITests" */ = {
			isa = XCConfigurationList;
			buildConfigurations = (
				9DE32E3B28DEDBDF00BB222C /* Debug */,
				9DE32E3C28DEDBDF00BB222C /* Release */,
			);
			defaultConfigurationIsVisible = 0;
			defaultConfigurationName = Release;
		};
		9DEF248E24C553F000701F5B /* Build configuration list for PBXProject "HexaCalc" */ = {
			isa = XCConfigurationList;
			buildConfigurations = (
				9DEF24B524C553F100701F5B /* Debug */,
				9DEF24B624C553F100701F5B /* Release */,
			);
			defaultConfigurationIsVisible = 0;
			defaultConfigurationName = Release;
		};
		9DEF24B724C553F100701F5B /* Build configuration list for PBXNativeTarget "HexaCalc" */ = {
			isa = XCConfigurationList;
			buildConfigurations = (
				9DEF24B824C553F100701F5B /* Debug */,
				9DEF24B924C553F100701F5B /* Release */,
			);
			defaultConfigurationIsVisible = 0;
			defaultConfigurationName = Release;
		};
/* End XCConfigurationList section */

/* Begin XCVersionGroup section */
		9DEF24A124C553F000701F5B /* HexaCalc.xcdatamodeld */ = {
			isa = XCVersionGroup;
			children = (
				9DEF24A224C553F000701F5B /* HexaCalc.xcdatamodel */,
			);
			currentVersion = 9DEF24A224C553F000701F5B /* HexaCalc.xcdatamodel */;
			path = HexaCalc.xcdatamodeld;
			sourceTree = "<group>";
			versionGroupType = wrapper.xcdatamodel;
		};
/* End XCVersionGroup section */
	};
	rootObject = 9DEF248B24C553F000701F5B /* Project object */;
}
